PODS:
  - CocoaAsyncSocket (7.6.3)
  - Criollo (0.5.5):
    - CocoaAsyncSocket (~> 7.6)

DEPENDENCIES:
  - CocoaAsyncSocket
  - Criollo (~> 0.5)

SPEC REPOS:
  https://github.com/CocoaPods/Specs.git:
    - CocoaAsyncSocket
    - Criollo

SPEC CHECKSUMS:
  CocoaAsyncSocket: eafaa68a7e0ec99ead0a7b35015e0bf25d2c8987
  Criollo: 617173837c296ca4248b0b058f36ce9b91e5c25b

PODFILE CHECKSUM: 8faee1be5a6e34b1181281d2632a33c2c0b940dd

COCOAPODS: 1.8.4
