PODS:
  - CocoaAsyncSocket (7.6.5)
  - Criollo (1.0.1):
    - CocoaAsyncSocket (~> 7.6.4)

DEPENDENCIES:
  - Criollo (~> 1.0)

SPEC REPOS:
  https://github.com/CocoaPods/Specs.git:
    - CocoaAsyncSocket
    - Criollo

SPEC CHECKSUMS:
  CocoaAsyncSocket: 065fd1e645c7abab64f7a6a2007a48038fdc6a99
  Criollo: 8122c5dbdf7dcf590e0d6b5d9e75e2073cd6234d

PODFILE CHECKSUM: a44476619865a2cbd3196dace53a70faca97f5a5

COCOAPODS: 1.10.1
