// !$*UTF8*$!
{
	archiveVersion = 1;
	classes = {
	};
	objectVersion = 51;
	objects = {

/* Begin PBXBuildFile section */
		422A24DC24719EF600D6C2FB /* ShareViewController.m in Sources */ = {isa = PBXBuildFile; fileRef = 422A24DB24719EF600D6C2FB /* ShareViewController.m */; };
		422A24DF24719EF600D6C2FB /* MainInterface.storyboard in Resources */ = {isa = PBXBuildFile; fileRef = 422A24DD24719EF600D6C2FB /* MainInterface.storyboard */; };
		422A24E324719EF600D6C2FB /* share.appex in Embed App Extensions */ = {isa = PBXBuildFile; fileRef = 422A24D824719EF600D6C2FB /* share.appex */; settings = {ATTRIBUTES = (RemoveHeadersOnCopy, ); }; };
		427B79EB246DD7DC005EDEAD /* AppDelegate.m in Sources */ = {isa = PBXBuildFile; fileRef = 427B79EA246DD7DC005EDEAD /* AppDelegate.m */; };
		427B79EE246DD7DC005EDEAD /* SceneDelegate.m in Sources */ = {isa = PBXBuildFile; fileRef = 427B79ED246DD7DC005EDEAD /* SceneDelegate.m */; };
		427B79F1246DD7DC005EDEAD /* ViewController.m in Sources */ = {isa = PBXBuildFile; fileRef = 427B79F0246DD7DC005EDEAD /* ViewController.m */; };
		427B79F4246DD7DC005EDEAD /* Main.storyboard in Resources */ = {isa = PBXBuildFile; fileRef = 427B79F2246DD7DC005EDEAD /* Main.storyboard */; };
		427B79F6246DD7DF005EDEAD /* Assets.xcassets in Resources */ = {isa = PBXBuildFile; fileRef = 427B79F5246DD7DF005EDEAD /* Assets.xcassets */; };
		427B79F9246DD7DF005EDEAD /* LaunchScreen.storyboard in Resources */ = {isa = PBXBuildFile; fileRef = 427B79F7246DD7DF005EDEAD /* LaunchScreen.storyboard */; };
		427B79FC246DD7DF005EDEAD /* main.m in Sources */ = {isa = PBXBuildFile; fileRef = 427B79FB246DD7DF005EDEAD /* main.m */; };
		427B7A06246DD7DF005EDEAD /* remotestashTests.m in Sources */ = {isa = PBXBuildFile; fileRef = 427B7A05246DD7DF005EDEAD /* remotestashTests.m */; };
		427B7A12246DD85D005EDEAD /* RemoteCopyClient.m in Sources */ = {isa = PBXBuildFile; fileRef = 427B7A11246DD85D005EDEAD /* RemoteCopyClient.m */; };
		D7A4DC040D055668D23A7A86 /* Pods_remotestash.framework in Frameworks */ = {isa = PBXBuildFile; fileRef = 16F273AE5217395CDFA37CA1 /* Pods_remotestash.framework */; };
/* End PBXBuildFile section */

/* Begin PBXContainerItemProxy section */
		422A24E124719EF600D6C2FB /* PBXContainerItemProxy */ = {
			isa = PBXContainerItemProxy;
			containerPortal = 427B79DE246DD7DC005EDEAD /* Project object */;
			proxyType = 1;
			remoteGlobalIDString = 422A24D724719EF600D6C2FB;
			remoteInfo = share;
		};
		427B7A02246DD7DF005EDEAD /* PBXContainerItemProxy */ = {
			isa = PBXContainerItemProxy;
			containerPortal = 427B79DE246DD7DC005EDEAD /* Project object */;
			proxyType = 1;
			remoteGlobalIDString = 427B79E5246DD7DC005EDEAD;
			remoteInfo = remotecopypaste;
		};
/* End PBXContainerItemProxy section */

/* Begin PBXCopyFilesBuildPhase section */
		422A24E724719EF600D6C2FB /* Embed App Extensions */ = {
			isa = PBXCopyFilesBuildPhase;
			buildActionMask = 2147483647;
			dstPath = "";
			dstSubfolderSpec = 13;
			files = (
				422A24E324719EF600D6C2FB /* share.appex in Embed App Extensions */,
			);
			name = "Embed App Extensions";
			runOnlyForDeploymentPostprocessing = 0;
		};
/* End PBXCopyFilesBuildPhase section */

/* Begin PBXFileReference section */
		16F273AE5217395CDFA37CA1 /* Pods_remotestash.framework */ = {isa = PBXFileReference; explicitFileType = wrapper.framework; includeInIndex = 0; path = Pods_remotestash.framework; sourceTree = BUILT_PRODUCTS_DIR; };
		171254AFA872CDF0841670DC /* Pods-remotestash.debug.xcconfig */ = {isa = PBXFileReference; includeInIndex = 1; lastKnownFileType = text.xcconfig; name = "Pods-remotestash.debug.xcconfig"; path = "Target Support Files/Pods-remotestash/Pods-remotestash.debug.xcconfig"; sourceTree = "<group>"; };
		422A24D824719EF600D6C2FB /* share.appex */ = {isa = PBXFileReference; explicitFileType = "wrapper.app-extension"; includeInIndex = 0; path = share.appex; sourceTree = BUILT_PRODUCTS_DIR; };
		422A24DA24719EF600D6C2FB /* ShareViewController.h */ = {isa = PBXFileReference; lastKnownFileType = sourcecode.c.h; path = ShareViewController.h; sourceTree = "<group>"; };
		422A24DB24719EF600D6C2FB /* ShareViewController.m */ = {isa = PBXFileReference; lastKnownFileType = sourcecode.c.objc; path = ShareViewController.m; sourceTree = "<group>"; };
		422A24DE24719EF600D6C2FB /* Base */ = {isa = PBXFileReference; lastKnownFileType = file.storyboard; name = Base; path = Base.lproj/MainInterface.storyboard; sourceTree = "<group>"; };
		422A24E024719EF600D6C2FB /* Info.plist */ = {isa = PBXFileReference; lastKnownFileType = text.plist.xml; path = Info.plist; sourceTree = "<group>"; };
		427B79E6246DD7DC005EDEAD /* remotestash.app */ = {isa = PBXFileReference; explicitFileType = wrapper.application; includeInIndex = 0; path = remotestash.app; sourceTree = BUILT_PRODUCTS_DIR; };
		427B79E9246DD7DC005EDEAD /* AppDelegate.h */ = {isa = PBXFileReference; lastKnownFileType = sourcecode.c.h; path = AppDelegate.h; sourceTree = "<group>"; };
		427B79EA246DD7DC005EDEAD /* AppDelegate.m */ = {isa = PBXFileReference; lastKnownFileType = sourcecode.c.objc; path = AppDelegate.m; sourceTree = "<group>"; };
		427B79EC246DD7DC005EDEAD /* SceneDelegate.h */ = {isa = PBXFileReference; lastKnownFileType = sourcecode.c.h; path = SceneDelegate.h; sourceTree = "<group>"; };
		427B79ED246DD7DC005EDEAD /* SceneDelegate.m */ = {isa = PBXFileReference; lastKnownFileType = sourcecode.c.objc; path = SceneDelegate.m; sourceTree = "<group>"; };
		427B79EF246DD7DC005EDEAD /* ViewController.h */ = {isa = PBXFileReference; lastKnownFileType = sourcecode.c.h; path = ViewController.h; sourceTree = "<group>"; };
		427B79F0246DD7DC005EDEAD /* ViewController.m */ = {isa = PBXFileReference; lastKnownFileType = sourcecode.c.objc; path = ViewController.m; sourceTree = "<group>"; };
		427B79F3246DD7DC005EDEAD /* Base */ = {isa = PBXFileReference; lastKnownFileType = file.storyboard; name = Base; path = Base.lproj/Main.storyboard; sourceTree = "<group>"; };
		427B79F5246DD7DF005EDEAD /* Assets.xcassets */ = {isa = PBXFileReference; lastKnownFileType = folder.assetcatalog; path = Assets.xcassets; sourceTree = "<group>"; };
		427B79F8246DD7DF005EDEAD /* Base */ = {isa = PBXFileReference; lastKnownFileType = file.storyboard; name = Base; path = Base.lproj/LaunchScreen.storyboard; sourceTree = "<group>"; };
		427B79FA246DD7DF005EDEAD /* Info.plist */ = {isa = PBXFileReference; lastKnownFileType = text.plist.xml; path = Info.plist; sourceTree = "<group>"; };
		427B79FB246DD7DF005EDEAD /* main.m */ = {isa = PBXFileReference; lastKnownFileType = sourcecode.c.objc; path = main.m; sourceTree = "<group>"; };
		427B7A01246DD7DF005EDEAD /* remotestashTests.xctest */ = {isa = PBXFileReference; explicitFileType = wrapper.cfbundle; includeInIndex = 0; path = remotestashTests.xctest; sourceTree = BUILT_PRODUCTS_DIR; };
		427B7A05246DD7DF005EDEAD /* remotestashTests.m */ = {isa = PBXFileReference; lastKnownFileType = sourcecode.c.objc; path = remotestashTests.m; sourceTree = "<group>"; };
		427B7A07246DD7DF005EDEAD /* Info.plist */ = {isa = PBXFileReference; lastKnownFileType = text.plist.xml; path = Info.plist; sourceTree = "<group>"; };
		427B7A10246DD85D005EDEAD /* RemoteCopyClient.h */ = {isa = PBXFileReference; lastKnownFileType = sourcecode.c.h; path = RemoteCopyClient.h; sourceTree = "<group>"; };
		427B7A11246DD85D005EDEAD /* RemoteCopyClient.m */ = {isa = PBXFileReference; lastKnownFileType = sourcecode.c.objc; path = RemoteCopyClient.m; sourceTree = "<group>"; };
		6052B14A4FB8859A5DFAC90B /* Pods-remotestash.release.xcconfig */ = {isa = PBXFileReference; includeInIndex = 1; lastKnownFileType = text.xcconfig; name = "Pods-remotestash.release.xcconfig"; path = "Target Support Files/Pods-remotestash/Pods-remotestash.release.xcconfig"; sourceTree = "<group>"; };
		7D2663AE0C799B8406F438A7 /* Pods-remotecopypaste.debug.xcconfig */ = {isa = PBXFileReference; includeInIndex = 1; lastKnownFileType = text.xcconfig; name = "Pods-remotecopypaste.debug.xcconfig"; path = "Target Support Files/Pods-remotecopypaste/Pods-remotecopypaste.debug.xcconfig"; sourceTree = "<group>"; };
		E058E765D4F7EFD330B88913 /* Pods-remotecopypaste.release.xcconfig */ = {isa = PBXFileReference; includeInIndex = 1; lastKnownFileType = text.xcconfig; name = "Pods-remotecopypaste.release.xcconfig"; path = "Target Support Files/Pods-remotecopypaste/Pods-remotecopypaste.release.xcconfig"; sourceTree = "<group>"; };
/* End PBXFileReference section */

/* Begin PBXFrameworksBuildPhase section */
		422A24D524719EF600D6C2FB /* Frameworks */ = {
			isa = PBXFrameworksBuildPhase;
			buildActionMask = 2147483647;
			files = (
			);
			runOnlyForDeploymentPostprocessing = 0;
		};
		427B79E3246DD7DC005EDEAD /* Frameworks */ = {
			isa = PBXFrameworksBuildPhase;
			buildActionMask = 2147483647;
			files = (
				D7A4DC040D055668D23A7A86 /* Pods_remotestash.framework in Frameworks */,
			);
			runOnlyForDeploymentPostprocessing = 0;
		};
		427B79FE246DD7DF005EDEAD /* Frameworks */ = {
			isa = PBXFrameworksBuildPhase;
			buildActionMask = 2147483647;
			files = (
			);
			runOnlyForDeploymentPostprocessing = 0;
		};
/* End PBXFrameworksBuildPhase section */

/* Begin PBXGroup section */
		422A24D924719EF600D6C2FB /* share */ = {
			isa = PBXGroup;
			children = (
				422A24DA24719EF600D6C2FB /* ShareViewController.h */,
				422A24DB24719EF600D6C2FB /* ShareViewController.m */,
				422A24DD24719EF600D6C2FB /* MainInterface.storyboard */,
				422A24E024719EF600D6C2FB /* Info.plist */,
			);
			path = share;
			sourceTree = "<group>";
		};
		427B79DD246DD7DC005EDEAD = {
			isa = PBXGroup;
			children = (
				427B79E8246DD7DC005EDEAD /* remotestash */,
				427B7A04246DD7DF005EDEAD /* remotestashTests */,
				422A24D924719EF600D6C2FB /* share */,
				427B79E7246DD7DC005EDEAD /* Products */,
				462BCC907395DCAD5B535D80 /* Pods */,
				98E5223D4951DFBE4799836D /* Frameworks */,
			);
			sourceTree = "<group>";
		};
		427B79E7246DD7DC005EDEAD /* Products */ = {
			isa = PBXGroup;
			children = (
				427B79E6246DD7DC005EDEAD /* remotestash.app */,
				427B7A01246DD7DF005EDEAD /* remotestashTests.xctest */,
				422A24D824719EF600D6C2FB /* share.appex */,
			);
			name = Products;
			sourceTree = "<group>";
		};
		427B79E8246DD7DC005EDEAD /* remotestash */ = {
			isa = PBXGroup;
			children = (
				427B79E9246DD7DC005EDEAD /* AppDelegate.h */,
				427B79EA246DD7DC005EDEAD /* AppDelegate.m */,
				427B79EC246DD7DC005EDEAD /* SceneDelegate.h */,
				427B79ED246DD7DC005EDEAD /* SceneDelegate.m */,
				427B79EF246DD7DC005EDEAD /* ViewController.h */,
				427B79F0246DD7DC005EDEAD /* ViewController.m */,
				427B79F2246DD7DC005EDEAD /* Main.storyboard */,
				427B79F5246DD7DF005EDEAD /* Assets.xcassets */,
				427B79F7246DD7DF005EDEAD /* LaunchScreen.storyboard */,
				427B79FA246DD7DF005EDEAD /* Info.plist */,
				427B79FB246DD7DF005EDEAD /* main.m */,
				427B7A10246DD85D005EDEAD /* RemoteCopyClient.h */,
				427B7A11246DD85D005EDEAD /* RemoteCopyClient.m */,
			);
			path = remotestash;
			sourceTree = "<group>";
		};
		427B7A04246DD7DF005EDEAD /* remotestashTests */ = {
			isa = PBXGroup;
			children = (
				427B7A05246DD7DF005EDEAD /* remotestashTests.m */,
				427B7A07246DD7DF005EDEAD /* Info.plist */,
			);
			path = remotestashTests;
			sourceTree = "<group>";
		};
		462BCC907395DCAD5B535D80 /* Pods */ = {
			isa = PBXGroup;
			children = (
				7D2663AE0C799B8406F438A7 /* Pods-remotecopypaste.debug.xcconfig */,
				E058E765D4F7EFD330B88913 /* Pods-remotecopypaste.release.xcconfig */,
				171254AFA872CDF0841670DC /* Pods-remotestash.debug.xcconfig */,
				6052B14A4FB8859A5DFAC90B /* Pods-remotestash.release.xcconfig */,
			);
			path = Pods;
			sourceTree = "<group>";
		};
		98E5223D4951DFBE4799836D /* Frameworks */ = {
			isa = PBXGroup;
			children = (
				16F273AE5217395CDFA37CA1 /* Pods_remotestash.framework */,
			);
			name = Frameworks;
			sourceTree = "<group>";
		};
/* End PBXGroup section */

/* Begin PBXNativeTarget section */
		422A24D724719EF600D6C2FB /* share */ = {
			isa = PBXNativeTarget;
			buildConfigurationList = 422A24E424719EF600D6C2FB /* Build configuration list for PBXNativeTarget "share" */;
			buildPhases = (
				422A24D424719EF600D6C2FB /* Sources */,
				422A24D524719EF600D6C2FB /* Frameworks */,
				422A24D624719EF600D6C2FB /* Resources */,
			);
			buildRules = (
			);
			dependencies = (
			);
			name = share;
			productName = share;
			productReference = 422A24D824719EF600D6C2FB /* share.appex */;
			productType = "com.apple.product-type.app-extension";
		};
		427B79E5246DD7DC005EDEAD /* remotestash */ = {
			isa = PBXNativeTarget;
			buildConfigurationList = 427B7A0A246DD7DF005EDEAD /* Build configuration list for PBXNativeTarget "remotestash" */;
			buildPhases = (
				6E08BB08CB98D4DDD2326DFA /* [CP] Check Pods Manifest.lock */,
				427B79E2246DD7DC005EDEAD /* Sources */,
				427B79E3246DD7DC005EDEAD /* Frameworks */,
				427B79E4246DD7DC005EDEAD /* Resources */,
				08DEC9A919E220418674825E /* [CP] Embed Pods Frameworks */,
				422A24E724719EF600D6C2FB /* Embed App Extensions */,
			);
			buildRules = (
			);
			dependencies = (
				422A24E224719EF600D6C2FB /* PBXTargetDependency */,
			);
			name = remotestash;
			productName = remotecopypaste;
			productReference = 427B79E6246DD7DC005EDEAD /* remotestash.app */;
			productType = "com.apple.product-type.application";
		};
		427B7A00246DD7DF005EDEAD /* remotestashTests */ = {
			isa = PBXNativeTarget;
			buildConfigurationList = 427B7A0D246DD7DF005EDEAD /* Build configuration list for PBXNativeTarget "remotestashTests" */;
			buildPhases = (
				427B79FD246DD7DF005EDEAD /* Sources */,
				427B79FE246DD7DF005EDEAD /* Frameworks */,
				427B79FF246DD7DF005EDEAD /* Resources */,
			);
			buildRules = (
			);
			dependencies = (
				427B7A03246DD7DF005EDEAD /* PBXTargetDependency */,
			);
			name = remotestashTests;
			productName = remotecopypasteTests;
			productReference = 427B7A01246DD7DF005EDEAD /* remotestashTests.xctest */;
			productType = "com.apple.product-type.bundle.unit-test";
		};
/* End PBXNativeTarget section */

/* Begin PBXProject section */
		427B79DE246DD7DC005EDEAD /* Project object */ = {
			isa = PBXProject;
			attributes = {
				LastUpgradeCheck = 1140;
				ORGANIZATIONNAME = "Brice Rosenzweig";
				TargetAttributes = {
					422A24D724719EF600D6C2FB = {
						CreatedOnToolsVersion = 11.4.1;
					};
					427B79E5246DD7DC005EDEAD = {
						CreatedOnToolsVersion = 11.4.1;
					};
					427B7A00246DD7DF005EDEAD = {
						CreatedOnToolsVersion = 11.4.1;
						TestTargetID = 427B79E5246DD7DC005EDEAD;
					};
				};
			};
			buildConfigurationList = 427B79E1246DD7DC005EDEAD /* Build configuration list for PBXProject "remotestash" */;
			compatibilityVersion = "Xcode 9.3";
			developmentRegion = en;
			hasScannedForEncodings = 0;
			knownRegions = (
				en,
				Base,
			);
			mainGroup = 427B79DD246DD7DC005EDEAD;
			productRefGroup = 427B79E7246DD7DC005EDEAD /* Products */;
			projectDirPath = "";
			projectRoot = "";
			targets = (
				427B79E5246DD7DC005EDEAD /* remotestash */,
				427B7A00246DD7DF005EDEAD /* remotestashTests */,
				422A24D724719EF600D6C2FB /* share */,
			);
		};
/* End PBXProject section */

/* Begin PBXResourcesBuildPhase section */
		422A24D624719EF600D6C2FB /* Resources */ = {
			isa = PBXResourcesBuildPhase;
			buildActionMask = 2147483647;
			files = (
				422A24DF24719EF600D6C2FB /* MainInterface.storyboard in Resources */,
			);
			runOnlyForDeploymentPostprocessing = 0;
		};
		427B79E4246DD7DC005EDEAD /* Resources */ = {
			isa = PBXResourcesBuildPhase;
			buildActionMask = 2147483647;
			files = (
				427B79F9246DD7DF005EDEAD /* LaunchScreen.storyboard in Resources */,
				427B79F6246DD7DF005EDEAD /* Assets.xcassets in Resources */,
				427B79F4246DD7DC005EDEAD /* Main.storyboard in Resources */,
			);
			runOnlyForDeploymentPostprocessing = 0;
		};
		427B79FF246DD7DF005EDEAD /* Resources */ = {
			isa = PBXResourcesBuildPhase;
			buildActionMask = 2147483647;
			files = (
			);
			runOnlyForDeploymentPostprocessing = 0;
		};
/* End PBXResourcesBuildPhase section */

/* Begin PBXShellScriptBuildPhase section */
		08DEC9A919E220418674825E /* [CP] Embed Pods Frameworks */ = {
			isa = PBXShellScriptBuildPhase;
			buildActionMask = 2147483647;
			files = (
			);
			inputFileListPaths = (
				"${PODS_ROOT}/Target Support Files/Pods-remotestash/Pods-remotestash-frameworks-${CONFIGURATION}-input-files.xcfilelist",
			);
			name = "[CP] Embed Pods Frameworks";
			outputFileListPaths = (
				"${PODS_ROOT}/Target Support Files/Pods-remotestash/Pods-remotestash-frameworks-${CONFIGURATION}-output-files.xcfilelist",
			);
			runOnlyForDeploymentPostprocessing = 0;
			shellPath = /bin/sh;
			shellScript = "\"${PODS_ROOT}/Target Support Files/Pods-remotestash/Pods-remotestash-frameworks.sh\"\n";
			showEnvVarsInLog = 0;
		};
		6E08BB08CB98D4DDD2326DFA /* [CP] Check Pods Manifest.lock */ = {
			isa = PBXShellScriptBuildPhase;
			buildActionMask = 2147483647;
			files = (
			);
			inputFileListPaths = (
			);
			inputPaths = (
				"${PODS_PODFILE_DIR_PATH}/Podfile.lock",
				"${PODS_ROOT}/Manifest.lock",
			);
			name = "[CP] Check Pods Manifest.lock";
			outputFileListPaths = (
			);
			outputPaths = (
				"$(DERIVED_FILE_DIR)/Pods-remotestash-checkManifestLockResult.txt",
			);
			runOnlyForDeploymentPostprocessing = 0;
			shellPath = /bin/sh;
			shellScript = "diff \"${PODS_PODFILE_DIR_PATH}/Podfile.lock\" \"${PODS_ROOT}/Manifest.lock\" > /dev/null\nif [ $? != 0 ] ; then\n    # print error to STDERR\n    echo \"error: The sandbox is not in sync with the Podfile.lock. Run 'pod install' or update your CocoaPods installation.\" >&2\n    exit 1\nfi\n# This output is used by Xcode 'outputs' to avoid re-running this script phase.\necho \"SUCCESS\" > \"${SCRIPT_OUTPUT_FILE_0}\"\n";
			showEnvVarsInLog = 0;
		};
/* End PBXShellScriptBuildPhase section */

/* Begin PBXSourcesBuildPhase section */
		422A24D424719EF600D6C2FB /* Sources */ = {
			isa = PBXSourcesBuildPhase;
			buildActionMask = 2147483647;
			files = (
				422A24DC24719EF600D6C2FB /* ShareViewController.m in Sources */,
			);
			runOnlyForDeploymentPostprocessing = 0;
		};
		427B79E2246DD7DC005EDEAD /* Sources */ = {
			isa = PBXSourcesBuildPhase;
			buildActionMask = 2147483647;
			files = (
				427B79F1246DD7DC005EDEAD /* ViewController.m in Sources */,
				427B79EB246DD7DC005EDEAD /* AppDelegate.m in Sources */,
				427B79FC246DD7DF005EDEAD /* main.m in Sources */,
				427B7A12246DD85D005EDEAD /* RemoteCopyClient.m in Sources */,
				427B79EE246DD7DC005EDEAD /* SceneDelegate.m in Sources */,
			);
			runOnlyForDeploymentPostprocessing = 0;
		};
		427B79FD246DD7DF005EDEAD /* Sources */ = {
			isa = PBXSourcesBuildPhase;
			buildActionMask = 2147483647;
			files = (
				427B7A06246DD7DF005EDEAD /* remotestashTests.m in Sources */,
			);
			runOnlyForDeploymentPostprocessing = 0;
		};
/* End PBXSourcesBuildPhase section */

/* Begin PBXTargetDependency section */
		422A24E224719EF600D6C2FB /* PBXTargetDependency */ = {
			isa = PBXTargetDependency;
			target = 422A24D724719EF600D6C2FB /* share */;
			targetProxy = 422A24E124719EF600D6C2FB /* PBXContainerItemProxy */;
		};
		427B7A03246DD7DF005EDEAD /* PBXTargetDependency */ = {
			isa = PBXTargetDependency;
			target = 427B79E5246DD7DC005EDEAD /* remotestash */;
			targetProxy = 427B7A02246DD7DF005EDEAD /* PBXContainerItemProxy */;
		};
/* End PBXTargetDependency section */

/* Begin PBXVariantGroup section */
		422A24DD24719EF600D6C2FB /* MainInterface.storyboard */ = {
			isa = PBXVariantGroup;
			children = (
				422A24DE24719EF600D6C2FB /* Base */,
			);
			name = MainInterface.storyboard;
			sourceTree = "<group>";
		};
		427B79F2246DD7DC005EDEAD /* Main.storyboard */ = {
			isa = PBXVariantGroup;
			children = (
				427B79F3246DD7DC005EDEAD /* Base */,
			);
			name = Main.storyboard;
			sourceTree = "<group>";
		};
		427B79F7246DD7DF005EDEAD /* LaunchScreen.storyboard */ = {
			isa = PBXVariantGroup;
			children = (
				427B79F8246DD7DF005EDEAD /* Base */,
			);
			name = LaunchScreen.storyboard;
			sourceTree = "<group>";
		};
/* End PBXVariantGroup section */

/* Begin XCBuildConfiguration section */
		422A24E524719EF600D6C2FB /* Debug */ = {
			isa = XCBuildConfiguration;
			buildSettings = {
				CODE_SIGN_STYLE = Automatic;
				DEVELOPMENT_TEAM = M7QSSF3624;
				INFOPLIST_FILE = share/Info.plist;
				LD_RUNPATH_SEARCH_PATHS = (
					"$(inherited)",
					"@executable_path/Frameworks",
					"@executable_path/../../Frameworks",
				);
				PRODUCT_BUNDLE_IDENTIFIER = "net.ro-z.remotecopypaste.share";
				PRODUCT_NAME = "$(TARGET_NAME)";
				SKIP_INSTALL = YES;
				TARGETED_DEVICE_FAMILY = "1,2";
			};
			name = Debug;
		};
		422A24E624719EF600D6C2FB /* Release */ = {
			isa = XCBuildConfiguration;
			buildSettings = {
				CODE_SIGN_STYLE = Automatic;
				DEVELOPMENT_TEAM = M7QSSF3624;
				INFOPLIST_FILE = share/Info.plist;
				LD_RUNPATH_SEARCH_PATHS = (
					"$(inherited)",
					"@executable_path/Frameworks",
					"@executable_path/../../Frameworks",
				);
				PRODUCT_BUNDLE_IDENTIFIER = "net.ro-z.remotecopypaste.share";
				PRODUCT_NAME = "$(TARGET_NAME)";
				SKIP_INSTALL = YES;
				TARGETED_DEVICE_FAMILY = "1,2";
			};
			name = Release;
		};
		427B7A08246DD7DF005EDEAD /* Debug */ = {
			isa = XCBuildConfiguration;
			buildSettings = {
				ALWAYS_SEARCH_USER_PATHS = NO;
				CLANG_ANALYZER_NONNULL = YES;
				CLANG_ANALYZER_NUMBER_OBJECT_CONVERSION = YES_AGGRESSIVE;
				CLANG_CXX_LANGUAGE_STANDARD = "gnu++14";
				CLANG_CXX_LIBRARY = "libc++";
				CLANG_ENABLE_MODULES = YES;
				CLANG_ENABLE_OBJC_ARC = YES;
				CLANG_ENABLE_OBJC_WEAK = YES;
				CLANG_WARN_BLOCK_CAPTURE_AUTORELEASING = YES;
				CLANG_WARN_BOOL_CONVERSION = YES;
				CLANG_WARN_COMMA = YES;
				CLANG_WARN_CONSTANT_CONVERSION = YES;
				CLANG_WARN_DEPRECATED_OBJC_IMPLEMENTATIONS = YES;
				CLANG_WARN_DIRECT_OBJC_ISA_USAGE = YES_ERROR;
				CLANG_WARN_DOCUMENTATION_COMMENTS = YES;
				CLANG_WARN_EMPTY_BODY = YES;
				CLANG_WARN_ENUM_CONVERSION = YES;
				CLANG_WARN_INFINITE_RECURSION = YES;
				CLANG_WARN_INT_CONVERSION = YES;
				CLANG_WARN_NON_LITERAL_NULL_CONVERSION = YES;
				CLANG_WARN_OBJC_IMPLICIT_RETAIN_SELF = YES;
				CLANG_WARN_OBJC_LITERAL_CONVERSION = YES;
				CLANG_WARN_OBJC_ROOT_CLASS = YES_ERROR;
				CLANG_WARN_RANGE_LOOP_ANALYSIS = YES;
				CLANG_WARN_STRICT_PROTOTYPES = YES;
				CLANG_WARN_SUSPICIOUS_MOVE = YES;
				CLANG_WARN_UNGUARDED_AVAILABILITY = YES_AGGRESSIVE;
				CLANG_WARN_UNREACHABLE_CODE = YES;
				CLANG_WARN__DUPLICATE_METHOD_MATCH = YES;
				COPY_PHASE_STRIP = NO;
				DEBUG_INFORMATION_FORMAT = dwarf;
				ENABLE_STRICT_OBJC_MSGSEND = YES;
				ENABLE_TESTABILITY = YES;
				GCC_C_LANGUAGE_STANDARD = gnu11;
				GCC_DYNAMIC_NO_PIC = NO;
				GCC_NO_COMMON_BLOCKS = YES;
				GCC_OPTIMIZATION_LEVEL = 0;
				GCC_PREPROCESSOR_DEFINITIONS = (
					"DEBUG=1",
					"$(inherited)",
				);
				GCC_WARN_64_TO_32_BIT_CONVERSION = YES;
				GCC_WARN_ABOUT_RETURN_TYPE = YES_ERROR;
				GCC_WARN_UNDECLARED_SELECTOR = YES;
				GCC_WARN_UNINITIALIZED_AUTOS = YES_AGGRESSIVE;
				GCC_WARN_UNUSED_FUNCTION = YES;
				GCC_WARN_UNUSED_VARIABLE = YES;
				IPHONEOS_DEPLOYMENT_TARGET = 13.4;
				MTL_ENABLE_DEBUG_INFO = INCLUDE_SOURCE;
				MTL_FAST_MATH = YES;
				ONLY_ACTIVE_ARCH = YES;
				SDKROOT = iphoneos;
			};
			name = Debug;
		};
		427B7A09246DD7DF005EDEAD /* Release */ = {
			isa = XCBuildConfiguration;
			buildSettings = {
				ALWAYS_SEARCH_USER_PATHS = NO;
				CLANG_ANALYZER_NONNULL = YES;
				CLANG_ANALYZER_NUMBER_OBJECT_CONVERSION = YES_AGGRESSIVE;
				CLANG_CXX_LANGUAGE_STANDARD = "gnu++14";
				CLANG_CXX_LIBRARY = "libc++";
				CLANG_ENABLE_MODULES = YES;
				CLANG_ENABLE_OBJC_ARC = YES;
				CLANG_ENABLE_OBJC_WEAK = YES;
				CLANG_WARN_BLOCK_CAPTURE_AUTORELEASING = YES;
				CLANG_WARN_BOOL_CONVERSION = YES;
				CLANG_WARN_COMMA = YES;
				CLANG_WARN_CONSTANT_CONVERSION = YES;
				CLANG_WARN_DEPRECATED_OBJC_IMPLEMENTATIONS = YES;
				CLANG_WARN_DIRECT_OBJC_ISA_USAGE = YES_ERROR;
				CLANG_WARN_DOCUMENTATION_COMMENTS = YES;
				CLANG_WARN_EMPTY_BODY = YES;
				CLANG_WARN_ENUM_CONVERSION = YES;
				CLANG_WARN_INFINITE_RECURSION = YES;
				CLANG_WARN_INT_CONVERSION = YES;
				CLANG_WARN_NON_LITERAL_NULL_CONVERSION = YES;
				CLANG_WARN_OBJC_IMPLICIT_RETAIN_SELF = YES;
				CLANG_WARN_OBJC_LITERAL_CONVERSION = YES;
				CLANG_WARN_OBJC_ROOT_CLASS = YES_ERROR;
				CLANG_WARN_RANGE_LOOP_ANALYSIS = YES;
				CLANG_WARN_STRICT_PROTOTYPES = YES;
				CLANG_WARN_SUSPICIOUS_MOVE = YES;
				CLANG_WARN_UNGUARDED_AVAILABILITY = YES_AGGRESSIVE;
				CLANG_WARN_UNREACHABLE_CODE = YES;
				CLANG_WARN__DUPLICATE_METHOD_MATCH = YES;
				COPY_PHASE_STRIP = NO;
				DEBUG_INFORMATION_FORMAT = "dwarf-with-dsym";
				ENABLE_NS_ASSERTIONS = NO;
				ENABLE_STRICT_OBJC_MSGSEND = YES;
				GCC_C_LANGUAGE_STANDARD = gnu11;
				GCC_NO_COMMON_BLOCKS = YES;
				GCC_WARN_64_TO_32_BIT_CONVERSION = YES;
				GCC_WARN_ABOUT_RETURN_TYPE = YES_ERROR;
				GCC_WARN_UNDECLARED_SELECTOR = YES;
				GCC_WARN_UNINITIALIZED_AUTOS = YES_AGGRESSIVE;
				GCC_WARN_UNUSED_FUNCTION = YES;
				GCC_WARN_UNUSED_VARIABLE = YES;
				IPHONEOS_DEPLOYMENT_TARGET = 13.4;
				MTL_ENABLE_DEBUG_INFO = NO;
				MTL_FAST_MATH = YES;
				SDKROOT = iphoneos;
				VALIDATE_PRODUCT = YES;
			};
			name = Release;
		};
		427B7A0B246DD7DF005EDEAD /* Debug */ = {
			isa = XCBuildConfiguration;
			baseConfigurationReference = 171254AFA872CDF0841670DC /* Pods-remotestash.debug.xcconfig */;
			buildSettings = {
				ASSETCATALOG_COMPILER_APPICON_NAME = AppIcon;
				CODE_SIGN_STYLE = Automatic;
				DEVELOPMENT_TEAM = M7QSSF3624;
				INFOPLIST_FILE = "$(SRCROOT)/remotestash/Info.plist";
				LD_RUNPATH_SEARCH_PATHS = (
					"$(inherited)",
					"@executable_path/Frameworks",
				);
				PRODUCT_BUNDLE_IDENTIFIER = "net.ro-z.remotecopypaste";
				PRODUCT_NAME = "$(TARGET_NAME)";
				TARGETED_DEVICE_FAMILY = "1,2";
			};
			name = Debug;
		};
		427B7A0C246DD7DF005EDEAD /* Release */ = {
			isa = XCBuildConfiguration;
			baseConfigurationReference = 6052B14A4FB8859A5DFAC90B /* Pods-remotestash.release.xcconfig */;
			buildSettings = {
				ASSETCATALOG_COMPILER_APPICON_NAME = AppIcon;
				CODE_SIGN_STYLE = Automatic;
				DEVELOPMENT_TEAM = M7QSSF3624;
				INFOPLIST_FILE = "$(SRCROOT)/remotestash/Info.plist";
				LD_RUNPATH_SEARCH_PATHS = (
					"$(inherited)",
					"@executable_path/Frameworks",
				);
				PRODUCT_BUNDLE_IDENTIFIER = "net.ro-z.remotecopypaste";
				PRODUCT_NAME = "$(TARGET_NAME)";
				TARGETED_DEVICE_FAMILY = "1,2";
			};
			name = Release;
		};
		427B7A0E246DD7DF005EDEAD /* Debug */ = {
			isa = XCBuildConfiguration;
			buildSettings = {
				BUNDLE_LOADER = "$(TEST_HOST)";
				CODE_SIGN_STYLE = Automatic;
				INFOPLIST_FILE = remotecopypasteTests/Info.plist;
				IPHONEOS_DEPLOYMENT_TARGET = 13.4;
				LD_RUNPATH_SEARCH_PATHS = (
					"$(inherited)",
					"@executable_path/Frameworks",
					"@loader_path/Frameworks",
				);
				PRODUCT_BUNDLE_IDENTIFIER = "net.ro-z.remotecopypasteTests";
				PRODUCT_NAME = "$(TARGET_NAME)";
				TARGETED_DEVICE_FAMILY = "1,2";
				TEST_HOST = "$(BUILT_PRODUCTS_DIR)/remotestash.app/remotestash";
			};
			name = Debug;
		};
		427B7A0F246DD7DF005EDEAD /* Release */ = {
			isa = XCBuildConfiguration;
			buildSettings = {
				BUNDLE_LOADER = "$(TEST_HOST)";
				CODE_SIGN_STYLE = Automatic;
				INFOPLIST_FILE = remotecopypasteTests/Info.plist;
				IPHONEOS_DEPLOYMENT_TARGET = 13.4;
				LD_RUNPATH_SEARCH_PATHS = (
					"$(inherited)",
					"@executable_path/Frameworks",
					"@loader_path/Frameworks",
				);
				PRODUCT_BUNDLE_IDENTIFIER = "net.ro-z.remotecopypasteTests";
				PRODUCT_NAME = "$(TARGET_NAME)";
				TARGETED_DEVICE_FAMILY = "1,2";
				TEST_HOST = "$(BUILT_PRODUCTS_DIR)/remotestash.app/remotestash";
			};
			name = Release;
		};
/* End XCBuildConfiguration section */

/* Begin XCConfigurationList section */
		422A24E424719EF600D6C2FB /* Build configuration list for PBXNativeTarget "share" */ = {
			isa = XCConfigurationList;
			buildConfigurations = (
				422A24E524719EF600D6C2FB /* Debug */,
				422A24E624719EF600D6C2FB /* Release */,
			);
			defaultConfigurationIsVisible = 0;
			defaultConfigurationName = Release;
		};
		427B79E1246DD7DC005EDEAD /* Build configuration list for PBXProject "remotestash" */ = {
			isa = XCConfigurationList;
			buildConfigurations = (
				427B7A08246DD7DF005EDEAD /* Debug */,
				427B7A09246DD7DF005EDEAD /* Release */,
			);
			defaultConfigurationIsVisible = 0;
			defaultConfigurationName = Release;
		};
		427B7A0A246DD7DF005EDEAD /* Build configuration list for PBXNativeTarget "remotestash" */ = {
			isa = XCConfigurationList;
			buildConfigurations = (
				427B7A0B246DD7DF005EDEAD /* Debug */,
				427B7A0C246DD7DF005EDEAD /* Release */,
			);
			defaultConfigurationIsVisible = 0;
			defaultConfigurationName = Release;
		};
		427B7A0D246DD7DF005EDEAD /* Build configuration list for PBXNativeTarget "remotestashTests" */ = {
			isa = XCConfigurationList;
			buildConfigurations = (
				427B7A0E246DD7DF005EDEAD /* Debug */,
				427B7A0F246DD7DF005EDEAD /* Release */,
			);
			defaultConfigurationIsVisible = 0;
			defaultConfigurationName = Release;
		};
/* End XCConfigurationList section */
	};
	rootObject = 427B79DE246DD7DC005EDEAD /* Project object */;
}
