// !$*UTF8*$!
{
	archiveVersion = 1;
	classes = {
	};
	objectVersion = 51;
	objects = {

/* Begin PBXBuildFile section */
		4291887725CAF84200A28701 /* RemoteStashClient+TableDataSource.swift in Sources */ = {isa = PBXBuildFile; fileRef = 4291887625CAF84200A28701 /* RemoteStashClient+TableDataSource.swift */; };
		4291887825CAF84200A28701 /* RemoteStashClient+TableDataSource.swift in Sources */ = {isa = PBXBuildFile; fileRef = 4291887625CAF84200A28701 /* RemoteStashClient+TableDataSource.swift */; };
		42E53CFB25C8088C003AF0D1 /* AppDelegate.swift in Sources */ = {isa = PBXBuildFile; fileRef = 42E53CFA25C8088C003AF0D1 /* AppDelegate.swift */; };
		42E53CFD25C8088C003AF0D1 /* SceneDelegate.swift in Sources */ = {isa = PBXBuildFile; fileRef = 42E53CFC25C8088C003AF0D1 /* SceneDelegate.swift */; };
		42E53CFF25C8088C003AF0D1 /* ViewController.swift in Sources */ = {isa = PBXBuildFile; fileRef = 42E53CFE25C8088C003AF0D1 /* ViewController.swift */; };
		42E53D0225C8088C003AF0D1 /* Main.storyboard in Resources */ = {isa = PBXBuildFile; fileRef = 42E53D0025C8088C003AF0D1 /* Main.storyboard */; };
		42E53D0425C8088C003AF0D1 /* Assets.xcassets in Resources */ = {isa = PBXBuildFile; fileRef = 42E53D0325C8088C003AF0D1 /* Assets.xcassets */; };
		42E53D0725C8088C003AF0D1 /* LaunchScreen.storyboard in Resources */ = {isa = PBXBuildFile; fileRef = 42E53D0525C8088C003AF0D1 /* LaunchScreen.storyboard */; };
		42E53D1225C8088C003AF0D1 /* remotestashTests.swift in Sources */ = {isa = PBXBuildFile; fileRef = 42E53D1125C8088C003AF0D1 /* remotestashTests.swift */; };
		42E53D1D25C8088D003AF0D1 /* remotestashUITests.swift in Sources */ = {isa = PBXBuildFile; fileRef = 42E53D1C25C8088D003AF0D1 /* remotestashUITests.swift */; };
		42E53D3B25C80920003AF0D1 /* ShareViewController.swift in Sources */ = {isa = PBXBuildFile; fileRef = 42E53D3A25C80920003AF0D1 /* ShareViewController.swift */; };
		42E53D3E25C80920003AF0D1 /* MainInterface.storyboard in Resources */ = {isa = PBXBuildFile; fileRef = 42E53D3C25C80920003AF0D1 /* MainInterface.storyboard */; };
		42E53D4225C80920003AF0D1 /* share.appex in Embed App Extensions */ = {isa = PBXBuildFile; fileRef = 42E53D3825C80920003AF0D1 /* share.appex */; settings = {ATTRIBUTES = (RemoveHeadersOnCopy, ); }; };
		42E53DB525C8104C003AF0D1 /* RemoteStashClient.swift in Sources */ = {isa = PBXBuildFile; fileRef = 42E53DAF25C8104C003AF0D1 /* RemoteStashClient.swift */; };
		42E53DB625C8104C003AF0D1 /* RemoteStashClient.swift in Sources */ = {isa = PBXBuildFile; fileRef = 42E53DAF25C8104C003AF0D1 /* RemoteStashClient.swift */; };
		42E53DB725C8104C003AF0D1 /* RemoteStashItem.swift in Sources */ = {isa = PBXBuildFile; fileRef = 42E53DB025C8104C003AF0D1 /* RemoteStashItem.swift */; };
		42E53DB825C8104C003AF0D1 /* RemoteStashItem.swift in Sources */ = {isa = PBXBuildFile; fileRef = 42E53DB025C8104C003AF0D1 /* RemoteStashItem.swift */; };
		42E53DB925C8104C003AF0D1 /* MimeType.swift in Sources */ = {isa = PBXBuildFile; fileRef = 42E53DB125C8104C003AF0D1 /* MimeType.swift */; };
		42E53DBA25C8104C003AF0D1 /* MimeType.swift in Sources */ = {isa = PBXBuildFile; fileRef = 42E53DB125C8104C003AF0D1 /* MimeType.swift */; };
		42E53DBB25C8104C003AF0D1 /* RemoteStashService.swift in Sources */ = {isa = PBXBuildFile; fileRef = 42E53DB225C8104C003AF0D1 /* RemoteStashService.swift */; };
		42E53DBC25C8104C003AF0D1 /* RemoteStashService.swift in Sources */ = {isa = PBXBuildFile; fileRef = 42E53DB225C8104C003AF0D1 /* RemoteStashService.swift */; };
		42E53DBD25C8104C003AF0D1 /* AddressAndPort.swift in Sources */ = {isa = PBXBuildFile; fileRef = 42E53DB325C8104C003AF0D1 /* AddressAndPort.swift */; };
		42E53DBE25C8104C003AF0D1 /* AddressAndPort.swift in Sources */ = {isa = PBXBuildFile; fileRef = 42E53DB325C8104C003AF0D1 /* AddressAndPort.swift */; };
		42E53DBF25C8104C003AF0D1 /* RemoteStashServer.swift in Sources */ = {isa = PBXBuildFile; fileRef = 42E53DB425C8104C003AF0D1 /* RemoteStashServer.swift */; };
		42E53DC025C8104C003AF0D1 /* RemoteStashServer.swift in Sources */ = {isa = PBXBuildFile; fileRef = 42E53DB425C8104C003AF0D1 /* RemoteStashServer.swift */; };
		42E53DCC25C81B7E003AF0D1 /* remotestash-cert.pem in Resources */ = {isa = PBXBuildFile; fileRef = 42E53DCA25C81B7E003AF0D1 /* remotestash-cert.pem */; };
		42E53DCD25C81B7E003AF0D1 /* remotestash-cert.pem in Resources */ = {isa = PBXBuildFile; fileRef = 42E53DCA25C81B7E003AF0D1 /* remotestash-cert.pem */; };
		42E53DCE25C81B7E003AF0D1 /* remotestash-key.pem in Resources */ = {isa = PBXBuildFile; fileRef = 42E53DCB25C81B7E003AF0D1 /* remotestash-key.pem */; };
		42E53DCF25C81B7E003AF0D1 /* remotestash-key.pem in Resources */ = {isa = PBXBuildFile; fileRef = 42E53DCB25C81B7E003AF0D1 /* remotestash-key.pem */; };
		42E53DD925C8412F003AF0D1 /* remotestash-cert.der in Resources */ = {isa = PBXBuildFile; fileRef = 42E53DD825C8412F003AF0D1 /* remotestash-cert.der */; };
		42E53DDA25C8412F003AF0D1 /* remotestash-cert.der in Resources */ = {isa = PBXBuildFile; fileRef = 42E53DD825C8412F003AF0D1 /* remotestash-cert.der */; };
		89E3F8EBE096C9DD84C37A56 /* Pods_share.framework in Frameworks */ = {isa = PBXBuildFile; fileRef = 0B5B8016BBD25A95999EAE51 /* Pods_share.framework */; };
		F6DFA1699D93B4AFE6FBDC02 /* Pods_remotestash.framework in Frameworks */ = {isa = PBXBuildFile; fileRef = F6A8FDDC05A29B75E81C925B /* Pods_remotestash.framework */; };
/* End PBXBuildFile section */

/* Begin PBXContainerItemProxy section */
		42E53D0E25C8088C003AF0D1 /* PBXContainerItemProxy */ = {
			isa = PBXContainerItemProxy;
			containerPortal = 42E53CEF25C8088C003AF0D1 /* Project object */;
			proxyType = 1;
			remoteGlobalIDString = 42E53CF625C8088C003AF0D1;
			remoteInfo = remotestash;
		};
		42E53D1925C8088D003AF0D1 /* PBXContainerItemProxy */ = {
			isa = PBXContainerItemProxy;
			containerPortal = 42E53CEF25C8088C003AF0D1 /* Project object */;
			proxyType = 1;
			remoteGlobalIDString = 42E53CF625C8088C003AF0D1;
			remoteInfo = remotestash;
		};
		42E53D4025C80920003AF0D1 /* PBXContainerItemProxy */ = {
			isa = PBXContainerItemProxy;
			containerPortal = 42E53CEF25C8088C003AF0D1 /* Project object */;
			proxyType = 1;
			remoteGlobalIDString = 42E53D3725C80920003AF0D1;
			remoteInfo = share;
		};
/* End PBXContainerItemProxy section */

/* Begin PBXCopyFilesBuildPhase section */
		42E53D4325C80920003AF0D1 /* Embed App Extensions */ = {
			isa = PBXCopyFilesBuildPhase;
			buildActionMask = 2147483647;
			dstPath = "";
			dstSubfolderSpec = 13;
			files = (
				42E53D4225C80920003AF0D1 /* share.appex in Embed App Extensions */,
			);
			name = "Embed App Extensions";
			runOnlyForDeploymentPostprocessing = 0;
		};
/* End PBXCopyFilesBuildPhase section */

/* Begin PBXFileReference section */
		0B5B8016BBD25A95999EAE51 /* Pods_share.framework */ = {isa = PBXFileReference; explicitFileType = wrapper.framework; includeInIndex = 0; path = Pods_share.framework; sourceTree = BUILT_PRODUCTS_DIR; };
		335EC68A5EF1F2A030B7A2C3 /* Pods-remotestash.debug.xcconfig */ = {isa = PBXFileReference; includeInIndex = 1; lastKnownFileType = text.xcconfig; name = "Pods-remotestash.debug.xcconfig"; path = "Target Support Files/Pods-remotestash/Pods-remotestash.debug.xcconfig"; sourceTree = "<group>"; };
		4291886C25CAE92300A28701 /* RemoteStash.entitlements */ = {isa = PBXFileReference; fileEncoding = 4; lastKnownFileType = text.plist.entitlements; path = RemoteStash.entitlements; sourceTree = "<group>"; };
		4291886D25CAE92F00A28701 /* share.entitlements */ = {isa = PBXFileReference; fileEncoding = 4; lastKnownFileType = text.plist.entitlements; path = share.entitlements; sourceTree = "<group>"; };
		4291887625CAF84200A28701 /* RemoteStashClient+TableDataSource.swift */ = {isa = PBXFileReference; lastKnownFileType = sourcecode.swift; path = "RemoteStashClient+TableDataSource.swift"; sourceTree = "<group>"; };
		42E53CF725C8088C003AF0D1 /* RemoteStash.app */ = {isa = PBXFileReference; explicitFileType = wrapper.application; includeInIndex = 0; path = RemoteStash.app; sourceTree = BUILT_PRODUCTS_DIR; };
		42E53CFA25C8088C003AF0D1 /* AppDelegate.swift */ = {isa = PBXFileReference; lastKnownFileType = sourcecode.swift; path = AppDelegate.swift; sourceTree = "<group>"; };
		42E53CFC25C8088C003AF0D1 /* SceneDelegate.swift */ = {isa = PBXFileReference; lastKnownFileType = sourcecode.swift; path = SceneDelegate.swift; sourceTree = "<group>"; };
		42E53CFE25C8088C003AF0D1 /* ViewController.swift */ = {isa = PBXFileReference; lastKnownFileType = sourcecode.swift; path = ViewController.swift; sourceTree = "<group>"; };
		42E53D0125C8088C003AF0D1 /* Base */ = {isa = PBXFileReference; lastKnownFileType = file.storyboard; name = Base; path = Base.lproj/Main.storyboard; sourceTree = "<group>"; };
		42E53D0325C8088C003AF0D1 /* Assets.xcassets */ = {isa = PBXFileReference; lastKnownFileType = folder.assetcatalog; path = Assets.xcassets; sourceTree = "<group>"; };
		42E53D0625C8088C003AF0D1 /* Base */ = {isa = PBXFileReference; lastKnownFileType = file.storyboard; name = Base; path = Base.lproj/LaunchScreen.storyboard; sourceTree = "<group>"; };
		42E53D0825C8088C003AF0D1 /* Info.plist */ = {isa = PBXFileReference; lastKnownFileType = text.plist.xml; path = Info.plist; sourceTree = "<group>"; };
		42E53D0D25C8088C003AF0D1 /* remotestashTests.xctest */ = {isa = PBXFileReference; explicitFileType = wrapper.cfbundle; includeInIndex = 0; path = remotestashTests.xctest; sourceTree = BUILT_PRODUCTS_DIR; };
		42E53D1125C8088C003AF0D1 /* remotestashTests.swift */ = {isa = PBXFileReference; lastKnownFileType = sourcecode.swift; path = remotestashTests.swift; sourceTree = "<group>"; };
		42E53D1325C8088C003AF0D1 /* Info.plist */ = {isa = PBXFileReference; lastKnownFileType = text.plist.xml; path = Info.plist; sourceTree = "<group>"; };
		42E53D1825C8088C003AF0D1 /* remotestashUITests.xctest */ = {isa = PBXFileReference; explicitFileType = wrapper.cfbundle; includeInIndex = 0; path = remotestashUITests.xctest; sourceTree = BUILT_PRODUCTS_DIR; };
		42E53D1C25C8088D003AF0D1 /* remotestashUITests.swift */ = {isa = PBXFileReference; lastKnownFileType = sourcecode.swift; path = remotestashUITests.swift; sourceTree = "<group>"; };
		42E53D1E25C8088D003AF0D1 /* Info.plist */ = {isa = PBXFileReference; lastKnownFileType = text.plist.xml; path = Info.plist; sourceTree = "<group>"; };
		42E53D3825C80920003AF0D1 /* share.appex */ = {isa = PBXFileReference; explicitFileType = "wrapper.app-extension"; includeInIndex = 0; path = share.appex; sourceTree = BUILT_PRODUCTS_DIR; };
		42E53D3A25C80920003AF0D1 /* ShareViewController.swift */ = {isa = PBXFileReference; lastKnownFileType = sourcecode.swift; path = ShareViewController.swift; sourceTree = "<group>"; };
		42E53D3D25C80920003AF0D1 /* Base */ = {isa = PBXFileReference; lastKnownFileType = file.storyboard; name = Base; path = Base.lproj/MainInterface.storyboard; sourceTree = "<group>"; };
		42E53D3F25C80920003AF0D1 /* Info.plist */ = {isa = PBXFileReference; lastKnownFileType = text.plist.xml; path = Info.plist; sourceTree = "<group>"; };
		42E53DAF25C8104C003AF0D1 /* RemoteStashClient.swift */ = {isa = PBXFileReference; fileEncoding = 4; lastKnownFileType = sourcecode.swift; path = RemoteStashClient.swift; sourceTree = "<group>"; };
		42E53DB025C8104C003AF0D1 /* RemoteStashItem.swift */ = {isa = PBXFileReference; fileEncoding = 4; lastKnownFileType = sourcecode.swift; path = RemoteStashItem.swift; sourceTree = "<group>"; };
		42E53DB125C8104C003AF0D1 /* MimeType.swift */ = {isa = PBXFileReference; fileEncoding = 4; lastKnownFileType = sourcecode.swift; path = MimeType.swift; sourceTree = "<group>"; };
		42E53DB225C8104C003AF0D1 /* RemoteStashService.swift */ = {isa = PBXFileReference; fileEncoding = 4; lastKnownFileType = sourcecode.swift; path = RemoteStashService.swift; sourceTree = "<group>"; };
		42E53DB325C8104C003AF0D1 /* AddressAndPort.swift */ = {isa = PBXFileReference; fileEncoding = 4; lastKnownFileType = sourcecode.swift; path = AddressAndPort.swift; sourceTree = "<group>"; };
		42E53DB425C8104C003AF0D1 /* RemoteStashServer.swift */ = {isa = PBXFileReference; fileEncoding = 4; lastKnownFileType = sourcecode.swift; path = RemoteStashServer.swift; sourceTree = "<group>"; };
		42E53DCA25C81B7E003AF0D1 /* remotestash-cert.pem */ = {isa = PBXFileReference; fileEncoding = 4; lastKnownFileType = text; path = "remotestash-cert.pem"; sourceTree = "<group>"; };
		42E53DCB25C81B7E003AF0D1 /* remotestash-key.pem */ = {isa = PBXFileReference; fileEncoding = 4; lastKnownFileType = text; path = "remotestash-key.pem"; sourceTree = "<group>"; };
		42E53DD825C8412F003AF0D1 /* remotestash-cert.der */ = {isa = PBXFileReference; lastKnownFileType = file; path = "remotestash-cert.der"; sourceTree = "<group>"; };
		78120DDAEE39F4F7B8D0BD2D /* Pods-remotestash.release.xcconfig */ = {isa = PBXFileReference; includeInIndex = 1; lastKnownFileType = text.xcconfig; name = "Pods-remotestash.release.xcconfig"; path = "Target Support Files/Pods-remotestash/Pods-remotestash.release.xcconfig"; sourceTree = "<group>"; };
		7E9ADD8C9DEFA8ADF9030874 /* Pods-share.release.xcconfig */ = {isa = PBXFileReference; includeInIndex = 1; lastKnownFileType = text.xcconfig; name = "Pods-share.release.xcconfig"; path = "Target Support Files/Pods-share/Pods-share.release.xcconfig"; sourceTree = "<group>"; };
		D9E02F13FC119D4B16320415 /* Pods-share.debug.xcconfig */ = {isa = PBXFileReference; includeInIndex = 1; lastKnownFileType = text.xcconfig; name = "Pods-share.debug.xcconfig"; path = "Target Support Files/Pods-share/Pods-share.debug.xcconfig"; sourceTree = "<group>"; };
		F6A8FDDC05A29B75E81C925B /* Pods_remotestash.framework */ = {isa = PBXFileReference; explicitFileType = wrapper.framework; includeInIndex = 0; path = Pods_remotestash.framework; sourceTree = BUILT_PRODUCTS_DIR; };
/* End PBXFileReference section */

/* Begin PBXFrameworksBuildPhase section */
		42E53CF425C8088C003AF0D1 /* Frameworks */ = {
			isa = PBXFrameworksBuildPhase;
			buildActionMask = 2147483647;
			files = (
				F6DFA1699D93B4AFE6FBDC02 /* Pods_remotestash.framework in Frameworks */,
			);
			runOnlyForDeploymentPostprocessing = 0;
		};
		42E53D0A25C8088C003AF0D1 /* Frameworks */ = {
			isa = PBXFrameworksBuildPhase;
			buildActionMask = 2147483647;
			files = (
			);
			runOnlyForDeploymentPostprocessing = 0;
		};
		42E53D1525C8088C003AF0D1 /* Frameworks */ = {
			isa = PBXFrameworksBuildPhase;
			buildActionMask = 2147483647;
			files = (
			);
			runOnlyForDeploymentPostprocessing = 0;
		};
		42E53D3525C80920003AF0D1 /* Frameworks */ = {
			isa = PBXFrameworksBuildPhase;
			buildActionMask = 2147483647;
			files = (
				89E3F8EBE096C9DD84C37A56 /* Pods_share.framework in Frameworks */,
			);
			runOnlyForDeploymentPostprocessing = 0;
		};
/* End PBXFrameworksBuildPhase section */

/* Begin PBXGroup section */
		42E53CEE25C8088C003AF0D1 = {
			isa = PBXGroup;
			children = (
				42E53DC925C81B7E003AF0D1 /* certs */,
				42E53DAE25C8104C003AF0D1 /* Common */,
				42E53CF925C8088C003AF0D1 /* remotestash */,
				42E53D1025C8088C003AF0D1 /* remotestashTests */,
				42E53D1B25C8088D003AF0D1 /* remotestashUITests */,
				42E53D3925C80920003AF0D1 /* share */,
				42E53CF825C8088C003AF0D1 /* Products */,
				90A89DFDA19DAB24B4FD5B92 /* Pods */,
				BDF8CFE6858FAAD5F83A09C4 /* Frameworks */,
			);
			sourceTree = "<group>";
		};
		42E53CF825C8088C003AF0D1 /* Products */ = {
			isa = PBXGroup;
			children = (
				42E53CF725C8088C003AF0D1 /* RemoteStash.app */,
				42E53D0D25C8088C003AF0D1 /* remotestashTests.xctest */,
				42E53D1825C8088C003AF0D1 /* remotestashUITests.xctest */,
				42E53D3825C80920003AF0D1 /* share.appex */,
			);
			name = Products;
			sourceTree = "<group>";
		};
		42E53CF925C8088C003AF0D1 /* remotestash */ = {
			isa = PBXGroup;
			children = (
				42E53CFA25C8088C003AF0D1 /* AppDelegate.swift */,
				42E53CFC25C8088C003AF0D1 /* SceneDelegate.swift */,
				42E53CFE25C8088C003AF0D1 /* ViewController.swift */,
				4291887625CAF84200A28701 /* RemoteStashClient+TableDataSource.swift */,
				42E53D0025C8088C003AF0D1 /* Main.storyboard */,
				42E53D0325C8088C003AF0D1 /* Assets.xcassets */,
				42E53D0525C8088C003AF0D1 /* LaunchScreen.storyboard */,
				4291886C25CAE92300A28701 /* RemoteStash.entitlements */,
				42E53D0825C8088C003AF0D1 /* Info.plist */,
			);
			path = remotestash;
			sourceTree = "<group>";
		};
		42E53D1025C8088C003AF0D1 /* remotestashTests */ = {
			isa = PBXGroup;
			children = (
				42E53D1125C8088C003AF0D1 /* remotestashTests.swift */,
				42E53D1325C8088C003AF0D1 /* Info.plist */,
			);
			path = remotestashTests;
			sourceTree = "<group>";
		};
		42E53D1B25C8088D003AF0D1 /* remotestashUITests */ = {
			isa = PBXGroup;
			children = (
				42E53D1C25C8088D003AF0D1 /* remotestashUITests.swift */,
				42E53D1E25C8088D003AF0D1 /* Info.plist */,
			);
			path = remotestashUITests;
			sourceTree = "<group>";
		};
		42E53D3925C80920003AF0D1 /* share */ = {
			isa = PBXGroup;
			children = (
				42E53D3A25C80920003AF0D1 /* ShareViewController.swift */,
				42E53D3C25C80920003AF0D1 /* MainInterface.storyboard */,
				4291886D25CAE92F00A28701 /* share.entitlements */,
				42E53D3F25C80920003AF0D1 /* Info.plist */,
			);
			path = share;
			sourceTree = "<group>";
		};
		42E53DAE25C8104C003AF0D1 /* Common */ = {
			isa = PBXGroup;
			children = (
				42E53DB025C8104C003AF0D1 /* RemoteStashItem.swift */,
				42E53DB225C8104C003AF0D1 /* RemoteStashService.swift */,
				42E53DAF25C8104C003AF0D1 /* RemoteStashClient.swift */,
				42E53DB425C8104C003AF0D1 /* RemoteStashServer.swift */,
				42E53DB125C8104C003AF0D1 /* MimeType.swift */,
				42E53DB325C8104C003AF0D1 /* AddressAndPort.swift */,
			);
			name = Common;
			path = Sources/Common;
			sourceTree = "<group>";
		};
		42E53DC925C81B7E003AF0D1 /* certs */ = {
			isa = PBXGroup;
			children = (
				42E53DD825C8412F003AF0D1 /* remotestash-cert.der */,
				42E53DCA25C81B7E003AF0D1 /* remotestash-cert.pem */,
				42E53DCB25C81B7E003AF0D1 /* remotestash-key.pem */,
			);
			path = certs;
			sourceTree = "<group>";
		};
		90A89DFDA19DAB24B4FD5B92 /* Pods */ = {
			isa = PBXGroup;
			children = (
				335EC68A5EF1F2A030B7A2C3 /* Pods-remotestash.debug.xcconfig */,
				78120DDAEE39F4F7B8D0BD2D /* Pods-remotestash.release.xcconfig */,
				D9E02F13FC119D4B16320415 /* Pods-share.debug.xcconfig */,
				7E9ADD8C9DEFA8ADF9030874 /* Pods-share.release.xcconfig */,
			);
			path = Pods;
			sourceTree = "<group>";
		};
		BDF8CFE6858FAAD5F83A09C4 /* Frameworks */ = {
			isa = PBXGroup;
			children = (
				F6A8FDDC05A29B75E81C925B /* Pods_remotestash.framework */,
				0B5B8016BBD25A95999EAE51 /* Pods_share.framework */,
			);
			name = Frameworks;
			sourceTree = "<group>";
		};
/* End PBXGroup section */

/* Begin PBXNativeTarget section */
		42E53CF625C8088C003AF0D1 /* RemoteStash */ = {
			isa = PBXNativeTarget;
			buildConfigurationList = 42E53D2125C8088D003AF0D1 /* Build configuration list for PBXNativeTarget "RemoteStash" */;
			buildPhases = (
				6877690E71A8A4F91A3A95EF /* [CP] Check Pods Manifest.lock */,
				42E53CF325C8088C003AF0D1 /* Sources */,
				42E53CF425C8088C003AF0D1 /* Frameworks */,
				42E53CF525C8088C003AF0D1 /* Resources */,
				42E53D4325C80920003AF0D1 /* Embed App Extensions */,
				6DFD637FE333E596FEF99CDF /* [CP] Embed Pods Frameworks */,
			);
			buildRules = (
			);
			dependencies = (
				42E53D4125C80920003AF0D1 /* PBXTargetDependency */,
			);
			name = RemoteStash;
			productName = remotestash;
			productReference = 42E53CF725C8088C003AF0D1 /* RemoteStash.app */;
			productType = "com.apple.product-type.application";
		};
		42E53D0C25C8088C003AF0D1 /* remotestashTests */ = {
			isa = PBXNativeTarget;
			buildConfigurationList = 42E53D2425C8088D003AF0D1 /* Build configuration list for PBXNativeTarget "remotestashTests" */;
			buildPhases = (
				42E53D0925C8088C003AF0D1 /* Sources */,
				42E53D0A25C8088C003AF0D1 /* Frameworks */,
				42E53D0B25C8088C003AF0D1 /* Resources */,
			);
			buildRules = (
			);
			dependencies = (
				42E53D0F25C8088C003AF0D1 /* PBXTargetDependency */,
			);
			name = remotestashTests;
			productName = remotestashTests;
			productReference = 42E53D0D25C8088C003AF0D1 /* remotestashTests.xctest */;
			productType = "com.apple.product-type.bundle.unit-test";
		};
		42E53D1725C8088C003AF0D1 /* remotestashUITests */ = {
			isa = PBXNativeTarget;
			buildConfigurationList = 42E53D2725C8088D003AF0D1 /* Build configuration list for PBXNativeTarget "remotestashUITests" */;
			buildPhases = (
				42E53D1425C8088C003AF0D1 /* Sources */,
				42E53D1525C8088C003AF0D1 /* Frameworks */,
				42E53D1625C8088C003AF0D1 /* Resources */,
			);
			buildRules = (
			);
			dependencies = (
				42E53D1A25C8088D003AF0D1 /* PBXTargetDependency */,
			);
			name = remotestashUITests;
			productName = remotestashUITests;
			productReference = 42E53D1825C8088C003AF0D1 /* remotestashUITests.xctest */;
			productType = "com.apple.product-type.bundle.ui-testing";
		};
		42E53D3725C80920003AF0D1 /* share */ = {
			isa = PBXNativeTarget;
			buildConfigurationList = 42E53D4625C80920003AF0D1 /* Build configuration list for PBXNativeTarget "share" */;
			buildPhases = (
				AC6BB6E8197EAE792978A4D3 /* [CP] Check Pods Manifest.lock */,
				42E53D3425C80920003AF0D1 /* Sources */,
				42E53D3525C80920003AF0D1 /* Frameworks */,
				42E53D3625C80920003AF0D1 /* Resources */,
			);
			buildRules = (
			);
			dependencies = (
			);
			name = share;
			productName = share;
			productReference = 42E53D3825C80920003AF0D1 /* share.appex */;
			productType = "com.apple.product-type.app-extension";
		};
/* End PBXNativeTarget section */

/* Begin PBXProject section */
		42E53CEF25C8088C003AF0D1 /* Project object */ = {
			isa = PBXProject;
			attributes = {
				LastSwiftUpdateCheck = 1240;
				LastUpgradeCheck = 1240;
				TargetAttributes = {
					42E53CF625C8088C003AF0D1 = {
						CreatedOnToolsVersion = 12.4;
					};
					42E53D0C25C8088C003AF0D1 = {
						CreatedOnToolsVersion = 12.4;
						TestTargetID = 42E53CF625C8088C003AF0D1;
					};
					42E53D1725C8088C003AF0D1 = {
						CreatedOnToolsVersion = 12.4;
						TestTargetID = 42E53CF625C8088C003AF0D1;
					};
					42E53D3725C80920003AF0D1 = {
						CreatedOnToolsVersion = 12.4;
					};
				};
			};
			buildConfigurationList = 42E53CF225C8088C003AF0D1 /* Build configuration list for PBXProject "remotestash" */;
			compatibilityVersion = "Xcode 9.3";
			developmentRegion = en;
			hasScannedForEncodings = 0;
			knownRegions = (
				en,
				Base,
			);
			mainGroup = 42E53CEE25C8088C003AF0D1;
			productRefGroup = 42E53CF825C8088C003AF0D1 /* Products */;
			projectDirPath = "";
			projectRoot = "";
			targets = (
				42E53CF625C8088C003AF0D1 /* RemoteStash */,
				42E53D0C25C8088C003AF0D1 /* remotestashTests */,
				42E53D1725C8088C003AF0D1 /* remotestashUITests */,
				42E53D3725C80920003AF0D1 /* share */,
			);
		};
/* End PBXProject section */

/* Begin PBXResourcesBuildPhase section */
		42E53CF525C8088C003AF0D1 /* Resources */ = {
			isa = PBXResourcesBuildPhase;
			buildActionMask = 2147483647;
			files = (
				42E53D0725C8088C003AF0D1 /* LaunchScreen.storyboard in Resources */,
				42E53DD925C8412F003AF0D1 /* remotestash-cert.der in Resources */,
				42E53D0425C8088C003AF0D1 /* Assets.xcassets in Resources */,
				42E53DCC25C81B7E003AF0D1 /* remotestash-cert.pem in Resources */,
				42E53D0225C8088C003AF0D1 /* Main.storyboard in Resources */,
				42E53DCE25C81B7E003AF0D1 /* remotestash-key.pem in Resources */,
			);
			runOnlyForDeploymentPostprocessing = 0;
		};
		42E53D0B25C8088C003AF0D1 /* Resources */ = {
			isa = PBXResourcesBuildPhase;
			buildActionMask = 2147483647;
			files = (
			);
			runOnlyForDeploymentPostprocessing = 0;
		};
		42E53D1625C8088C003AF0D1 /* Resources */ = {
			isa = PBXResourcesBuildPhase;
			buildActionMask = 2147483647;
			files = (
			);
			runOnlyForDeploymentPostprocessing = 0;
		};
		42E53D3625C80920003AF0D1 /* Resources */ = {
			isa = PBXResourcesBuildPhase;
			buildActionMask = 2147483647;
			files = (
				42E53DCF25C81B7E003AF0D1 /* remotestash-key.pem in Resources */,
				42E53DCD25C81B7E003AF0D1 /* remotestash-cert.pem in Resources */,
				42E53D3E25C80920003AF0D1 /* MainInterface.storyboard in Resources */,
				42E53DDA25C8412F003AF0D1 /* remotestash-cert.der in Resources */,
			);
			runOnlyForDeploymentPostprocessing = 0;
		};
/* End PBXResourcesBuildPhase section */

/* Begin PBXShellScriptBuildPhase section */
		6877690E71A8A4F91A3A95EF /* [CP] Check Pods Manifest.lock */ = {
			isa = PBXShellScriptBuildPhase;
			buildActionMask = 2147483647;
			files = (
			);
			inputFileListPaths = (
			);
			inputPaths = (
				"${PODS_PODFILE_DIR_PATH}/Podfile.lock",
				"${PODS_ROOT}/Manifest.lock",
			);
			name = "[CP] Check Pods Manifest.lock";
			outputFileListPaths = (
			);
			outputPaths = (
				"$(DERIVED_FILE_DIR)/Pods-remotestash-checkManifestLockResult.txt",
			);
			runOnlyForDeploymentPostprocessing = 0;
			shellPath = /bin/sh;
			shellScript = "diff \"${PODS_PODFILE_DIR_PATH}/Podfile.lock\" \"${PODS_ROOT}/Manifest.lock\" > /dev/null\nif [ $? != 0 ] ; then\n    # print error to STDERR\n    echo \"error: The sandbox is not in sync with the Podfile.lock. Run 'pod install' or update your CocoaPods installation.\" >&2\n    exit 1\nfi\n# This output is used by Xcode 'outputs' to avoid re-running this script phase.\necho \"SUCCESS\" > \"${SCRIPT_OUTPUT_FILE_0}\"\n";
			showEnvVarsInLog = 0;
		};
		6DFD637FE333E596FEF99CDF /* [CP] Embed Pods Frameworks */ = {
			isa = PBXShellScriptBuildPhase;
			buildActionMask = 2147483647;
			files = (
			);
			inputFileListPaths = (
				"${PODS_ROOT}/Target Support Files/Pods-remotestash/Pods-remotestash-frameworks-${CONFIGURATION}-input-files.xcfilelist",
			);
			name = "[CP] Embed Pods Frameworks";
			outputFileListPaths = (
				"${PODS_ROOT}/Target Support Files/Pods-remotestash/Pods-remotestash-frameworks-${CONFIGURATION}-output-files.xcfilelist",
			);
			runOnlyForDeploymentPostprocessing = 0;
			shellPath = /bin/sh;
			shellScript = "\"${PODS_ROOT}/Target Support Files/Pods-remotestash/Pods-remotestash-frameworks.sh\"\n";
			showEnvVarsInLog = 0;
		};
		AC6BB6E8197EAE792978A4D3 /* [CP] Check Pods Manifest.lock */ = {
			isa = PBXShellScriptBuildPhase;
			buildActionMask = 2147483647;
			files = (
			);
			inputFileListPaths = (
			);
			inputPaths = (
				"${PODS_PODFILE_DIR_PATH}/Podfile.lock",
				"${PODS_ROOT}/Manifest.lock",
			);
			name = "[CP] Check Pods Manifest.lock";
			outputFileListPaths = (
			);
			outputPaths = (
				"$(DERIVED_FILE_DIR)/Pods-share-checkManifestLockResult.txt",
			);
			runOnlyForDeploymentPostprocessing = 0;
			shellPath = /bin/sh;
			shellScript = "diff \"${PODS_PODFILE_DIR_PATH}/Podfile.lock\" \"${PODS_ROOT}/Manifest.lock\" > /dev/null\nif [ $? != 0 ] ; then\n    # print error to STDERR\n    echo \"error: The sandbox is not in sync with the Podfile.lock. Run 'pod install' or update your CocoaPods installation.\" >&2\n    exit 1\nfi\n# This output is used by Xcode 'outputs' to avoid re-running this script phase.\necho \"SUCCESS\" > \"${SCRIPT_OUTPUT_FILE_0}\"\n";
			showEnvVarsInLog = 0;
		};
/* End PBXShellScriptBuildPhase section */

/* Begin PBXSourcesBuildPhase section */
		42E53CF325C8088C003AF0D1 /* Sources */ = {
			isa = PBXSourcesBuildPhase;
			buildActionMask = 2147483647;
			files = (
				42E53DBB25C8104C003AF0D1 /* RemoteStashService.swift in Sources */,
				42E53DB525C8104C003AF0D1 /* RemoteStashClient.swift in Sources */,
				42E53CFF25C8088C003AF0D1 /* ViewController.swift in Sources */,
				42E53DBF25C8104C003AF0D1 /* RemoteStashServer.swift in Sources */,
				42E53CFB25C8088C003AF0D1 /* AppDelegate.swift in Sources */,
				42E53DB925C8104C003AF0D1 /* MimeType.swift in Sources */,
				42E53DBD25C8104C003AF0D1 /* AddressAndPort.swift in Sources */,
				42E53CFD25C8088C003AF0D1 /* SceneDelegate.swift in Sources */,
				4291887725CAF84200A28701 /* RemoteStashClient+TableDataSource.swift in Sources */,
				42E53DB725C8104C003AF0D1 /* RemoteStashItem.swift in Sources */,
			);
			runOnlyForDeploymentPostprocessing = 0;
		};
		42E53D0925C8088C003AF0D1 /* Sources */ = {
			isa = PBXSourcesBuildPhase;
			buildActionMask = 2147483647;
			files = (
				42E53D1225C8088C003AF0D1 /* remotestashTests.swift in Sources */,
			);
			runOnlyForDeploymentPostprocessing = 0;
		};
		42E53D1425C8088C003AF0D1 /* Sources */ = {
			isa = PBXSourcesBuildPhase;
			buildActionMask = 2147483647;
			files = (
				42E53D1D25C8088D003AF0D1 /* remotestashUITests.swift in Sources */,
			);
			runOnlyForDeploymentPostprocessing = 0;
		};
		42E53D3425C80920003AF0D1 /* Sources */ = {
			isa = PBXSourcesBuildPhase;
			buildActionMask = 2147483647;
			files = (
				42E53DBC25C8104C003AF0D1 /* RemoteStashService.swift in Sources */,
				42E53DB625C8104C003AF0D1 /* RemoteStashClient.swift in Sources */,
				42E53DBA25C8104C003AF0D1 /* MimeType.swift in Sources */,
				42E53DC025C8104C003AF0D1 /* RemoteStashServer.swift in Sources */,
				42E53DBE25C8104C003AF0D1 /* AddressAndPort.swift in Sources */,
				42E53D3B25C80920003AF0D1 /* ShareViewController.swift in Sources */,
				4291887825CAF84200A28701 /* RemoteStashClient+TableDataSource.swift in Sources */,
				42E53DB825C8104C003AF0D1 /* RemoteStashItem.swift in Sources */,
			);
			runOnlyForDeploymentPostprocessing = 0;
		};
/* End PBXSourcesBuildPhase section */

/* Begin PBXTargetDependency section */
		42E53D0F25C8088C003AF0D1 /* PBXTargetDependency */ = {
			isa = PBXTargetDependency;
			target = 42E53CF625C8088C003AF0D1 /* RemoteStash */;
			targetProxy = 42E53D0E25C8088C003AF0D1 /* PBXContainerItemProxy */;
		};
		42E53D1A25C8088D003AF0D1 /* PBXTargetDependency */ = {
			isa = PBXTargetDependency;
			target = 42E53CF625C8088C003AF0D1 /* RemoteStash */;
			targetProxy = 42E53D1925C8088D003AF0D1 /* PBXContainerItemProxy */;
		};
		42E53D4125C80920003AF0D1 /* PBXTargetDependency */ = {
			isa = PBXTargetDependency;
			target = 42E53D3725C80920003AF0D1 /* share */;
			targetProxy = 42E53D4025C80920003AF0D1 /* PBXContainerItemProxy */;
		};
/* End PBXTargetDependency section */

/* Begin PBXVariantGroup section */
		42E53D0025C8088C003AF0D1 /* Main.storyboard */ = {
			isa = PBXVariantGroup;
			children = (
				42E53D0125C8088C003AF0D1 /* Base */,
			);
			name = Main.storyboard;
			sourceTree = "<group>";
		};
		42E53D0525C8088C003AF0D1 /* LaunchScreen.storyboard */ = {
			isa = PBXVariantGroup;
			children = (
				42E53D0625C8088C003AF0D1 /* Base */,
			);
			name = LaunchScreen.storyboard;
			sourceTree = "<group>";
		};
		42E53D3C25C80920003AF0D1 /* MainInterface.storyboard */ = {
			isa = PBXVariantGroup;
			children = (
				42E53D3D25C80920003AF0D1 /* Base */,
			);
			name = MainInterface.storyboard;
			sourceTree = "<group>";
		};
/* End PBXVariantGroup section */

/* Begin XCBuildConfiguration section */
		42E53D1F25C8088D003AF0D1 /* Debug */ = {
			isa = XCBuildConfiguration;
			buildSettings = {
				ALWAYS_SEARCH_USER_PATHS = NO;
				CLANG_ANALYZER_NONNULL = YES;
				CLANG_ANALYZER_NUMBER_OBJECT_CONVERSION = YES_AGGRESSIVE;
				CLANG_CXX_LANGUAGE_STANDARD = "gnu++14";
				CLANG_CXX_LIBRARY = "libc++";
				CLANG_ENABLE_MODULES = YES;
				CLANG_ENABLE_OBJC_ARC = YES;
				CLANG_ENABLE_OBJC_WEAK = YES;
				CLANG_WARN_BLOCK_CAPTURE_AUTORELEASING = YES;
				CLANG_WARN_BOOL_CONVERSION = YES;
				CLANG_WARN_COMMA = YES;
				CLANG_WARN_CONSTANT_CONVERSION = YES;
				CLANG_WARN_DEPRECATED_OBJC_IMPLEMENTATIONS = YES;
				CLANG_WARN_DIRECT_OBJC_ISA_USAGE = YES_ERROR;
				CLANG_WARN_DOCUMENTATION_COMMENTS = YES;
				CLANG_WARN_EMPTY_BODY = YES;
				CLANG_WARN_ENUM_CONVERSION = YES;
				CLANG_WARN_INFINITE_RECURSION = YES;
				CLANG_WARN_INT_CONVERSION = YES;
				CLANG_WARN_NON_LITERAL_NULL_CONVERSION = YES;
				CLANG_WARN_OBJC_IMPLICIT_RETAIN_SELF = YES;
				CLANG_WARN_OBJC_LITERAL_CONVERSION = YES;
				CLANG_WARN_OBJC_ROOT_CLASS = YES_ERROR;
				CLANG_WARN_QUOTED_INCLUDE_IN_FRAMEWORK_HEADER = YES;
				CLANG_WARN_RANGE_LOOP_ANALYSIS = YES;
				CLANG_WARN_STRICT_PROTOTYPES = YES;
				CLANG_WARN_SUSPICIOUS_MOVE = YES;
				CLANG_WARN_UNGUARDED_AVAILABILITY = YES_AGGRESSIVE;
				CLANG_WARN_UNREACHABLE_CODE = YES;
				CLANG_WARN__DUPLICATE_METHOD_MATCH = YES;
				COPY_PHASE_STRIP = NO;
				DEBUG_INFORMATION_FORMAT = dwarf;
				ENABLE_STRICT_OBJC_MSGSEND = YES;
				ENABLE_TESTABILITY = YES;
				GCC_C_LANGUAGE_STANDARD = gnu11;
				GCC_DYNAMIC_NO_PIC = NO;
				GCC_NO_COMMON_BLOCKS = YES;
				GCC_OPTIMIZATION_LEVEL = 0;
				GCC_PREPROCESSOR_DEFINITIONS = (
					"DEBUG=1",
					"$(inherited)",
				);
				GCC_WARN_64_TO_32_BIT_CONVERSION = YES;
				GCC_WARN_ABOUT_RETURN_TYPE = YES_ERROR;
				GCC_WARN_UNDECLARED_SELECTOR = YES;
				GCC_WARN_UNINITIALIZED_AUTOS = YES_AGGRESSIVE;
				GCC_WARN_UNUSED_FUNCTION = YES;
				GCC_WARN_UNUSED_VARIABLE = YES;
				IPHONEOS_DEPLOYMENT_TARGET = 14.4;
				MTL_ENABLE_DEBUG_INFO = INCLUDE_SOURCE;
				MTL_FAST_MATH = YES;
				ONLY_ACTIVE_ARCH = YES;
				SDKROOT = iphoneos;
				SWIFT_ACTIVE_COMPILATION_CONDITIONS = DEBUG;
				SWIFT_OPTIMIZATION_LEVEL = "-Onone";
			};
			name = Debug;
		};
		42E53D2025C8088D003AF0D1 /* Release */ = {
			isa = XCBuildConfiguration;
			buildSettings = {
				ALWAYS_SEARCH_USER_PATHS = NO;
				CLANG_ANALYZER_NONNULL = YES;
				CLANG_ANALYZER_NUMBER_OBJECT_CONVERSION = YES_AGGRESSIVE;
				CLANG_CXX_LANGUAGE_STANDARD = "gnu++14";
				CLANG_CXX_LIBRARY = "libc++";
				CLANG_ENABLE_MODULES = YES;
				CLANG_ENABLE_OBJC_ARC = YES;
				CLANG_ENABLE_OBJC_WEAK = YES;
				CLANG_WARN_BLOCK_CAPTURE_AUTORELEASING = YES;
				CLANG_WARN_BOOL_CONVERSION = YES;
				CLANG_WARN_COMMA = YES;
				CLANG_WARN_CONSTANT_CONVERSION = YES;
				CLANG_WARN_DEPRECATED_OBJC_IMPLEMENTATIONS = YES;
				CLANG_WARN_DIRECT_OBJC_ISA_USAGE = YES_ERROR;
				CLANG_WARN_DOCUMENTATION_COMMENTS = YES;
				CLANG_WARN_EMPTY_BODY = YES;
				CLANG_WARN_ENUM_CONVERSION = YES;
				CLANG_WARN_INFINITE_RECURSION = YES;
				CLANG_WARN_INT_CONVERSION = YES;
				CLANG_WARN_NON_LITERAL_NULL_CONVERSION = YES;
				CLANG_WARN_OBJC_IMPLICIT_RETAIN_SELF = YES;
				CLANG_WARN_OBJC_LITERAL_CONVERSION = YES;
				CLANG_WARN_OBJC_ROOT_CLASS = YES_ERROR;
				CLANG_WARN_QUOTED_INCLUDE_IN_FRAMEWORK_HEADER = YES;
				CLANG_WARN_RANGE_LOOP_ANALYSIS = YES;
				CLANG_WARN_STRICT_PROTOTYPES = YES;
				CLANG_WARN_SUSPICIOUS_MOVE = YES;
				CLANG_WARN_UNGUARDED_AVAILABILITY = YES_AGGRESSIVE;
				CLANG_WARN_UNREACHABLE_CODE = YES;
				CLANG_WARN__DUPLICATE_METHOD_MATCH = YES;
				COPY_PHASE_STRIP = NO;
				DEBUG_INFORMATION_FORMAT = "dwarf-with-dsym";
				ENABLE_NS_ASSERTIONS = NO;
				ENABLE_STRICT_OBJC_MSGSEND = YES;
				GCC_C_LANGUAGE_STANDARD = gnu11;
				GCC_NO_COMMON_BLOCKS = YES;
				GCC_WARN_64_TO_32_BIT_CONVERSION = YES;
				GCC_WARN_ABOUT_RETURN_TYPE = YES_ERROR;
				GCC_WARN_UNDECLARED_SELECTOR = YES;
				GCC_WARN_UNINITIALIZED_AUTOS = YES_AGGRESSIVE;
				GCC_WARN_UNUSED_FUNCTION = YES;
				GCC_WARN_UNUSED_VARIABLE = YES;
				IPHONEOS_DEPLOYMENT_TARGET = 14.4;
				MTL_ENABLE_DEBUG_INFO = NO;
				MTL_FAST_MATH = YES;
				SDKROOT = iphoneos;
				SWIFT_COMPILATION_MODE = wholemodule;
				SWIFT_OPTIMIZATION_LEVEL = "-O";
				VALIDATE_PRODUCT = YES;
			};
			name = Release;
		};
		42E53D2225C8088D003AF0D1 /* Debug */ = {
			isa = XCBuildConfiguration;
			baseConfigurationReference = 335EC68A5EF1F2A030B7A2C3 /* Pods-remotestash.debug.xcconfig */;
			buildSettings = {
				ALWAYS_EMBED_SWIFT_STANDARD_LIBRARIES = YES;
				ASSETCATALOG_COMPILER_APPICON_NAME = AppIcon;
				ASSETCATALOG_COMPILER_GLOBAL_ACCENT_COLOR_NAME = AccentColor;
				CODE_SIGN_ENTITLEMENTS = remotestash/RemoteStash.entitlements;
				CODE_SIGN_STYLE = Automatic;
				DEVELOPMENT_TEAM = M7QSSF3624;
				INFOPLIST_FILE = remotestash/Info.plist;
				LD_RUNPATH_SEARCH_PATHS = (
					"$(inherited)",
					"@executable_path/Frameworks",
				);
				PRODUCT_BUNDLE_IDENTIFIER = "net.ro-z.remotestash";
				PRODUCT_NAME = "$(TARGET_NAME)";
				SUPPORTS_MACCATALYST = NO;
				SUPPORTS_MAC_DESIGNED_FOR_IPHONE_IPAD = NO;
				SWIFT_VERSION = 5.0;
				TARGETED_DEVICE_FAMILY = "1,2";
			};
			name = Debug;
		};
		42E53D2325C8088D003AF0D1 /* Release */ = {
			isa = XCBuildConfiguration;
			baseConfigurationReference = 78120DDAEE39F4F7B8D0BD2D /* Pods-remotestash.release.xcconfig */;
			buildSettings = {
				ALWAYS_EMBED_SWIFT_STANDARD_LIBRARIES = YES;
				ASSETCATALOG_COMPILER_APPICON_NAME = AppIcon;
				ASSETCATALOG_COMPILER_GLOBAL_ACCENT_COLOR_NAME = AccentColor;
				CODE_SIGN_ENTITLEMENTS = remotestash/RemoteStash.entitlements;
				CODE_SIGN_STYLE = Automatic;
				DEVELOPMENT_TEAM = M7QSSF3624;
				INFOPLIST_FILE = remotestash/Info.plist;
				LD_RUNPATH_SEARCH_PATHS = (
					"$(inherited)",
					"@executable_path/Frameworks",
				);
				PRODUCT_BUNDLE_IDENTIFIER = "net.ro-z.remotestash";
				PRODUCT_NAME = "$(TARGET_NAME)";
				SUPPORTS_MACCATALYST = NO;
				SUPPORTS_MAC_DESIGNED_FOR_IPHONE_IPAD = NO;
				SWIFT_VERSION = 5.0;
				TARGETED_DEVICE_FAMILY = "1,2";
			};
			name = Release;
		};
		42E53D2525C8088D003AF0D1 /* Debug */ = {
			isa = XCBuildConfiguration;
			buildSettings = {
				ALWAYS_EMBED_SWIFT_STANDARD_LIBRARIES = YES;
				BUNDLE_LOADER = "$(TEST_HOST)";
				CODE_SIGN_STYLE = Automatic;
				DEVELOPMENT_TEAM = M7QSSF3624;
				INFOPLIST_FILE = remotestashTests/Info.plist;
				IPHONEOS_DEPLOYMENT_TARGET = 14.4;
				LD_RUNPATH_SEARCH_PATHS = (
					"$(inherited)",
					"@executable_path/Frameworks",
					"@loader_path/Frameworks",
				);
				PRODUCT_BUNDLE_IDENTIFIER = "net.ro-z.remotestashTests";
				PRODUCT_NAME = "$(TARGET_NAME)";
				SWIFT_VERSION = 5.0;
				TARGETED_DEVICE_FAMILY = "1,2";
				TEST_HOST = "$(BUILT_PRODUCTS_DIR)/remotestash.app/remotestash";
			};
			name = Debug;
		};
		42E53D2625C8088D003AF0D1 /* Release */ = {
			isa = XCBuildConfiguration;
			buildSettings = {
				ALWAYS_EMBED_SWIFT_STANDARD_LIBRARIES = YES;
				BUNDLE_LOADER = "$(TEST_HOST)";
				CODE_SIGN_STYLE = Automatic;
				DEVELOPMENT_TEAM = M7QSSF3624;
				INFOPLIST_FILE = remotestashTests/Info.plist;
				IPHONEOS_DEPLOYMENT_TARGET = 14.4;
				LD_RUNPATH_SEARCH_PATHS = (
					"$(inherited)",
					"@executable_path/Frameworks",
					"@loader_path/Frameworks",
				);
				PRODUCT_BUNDLE_IDENTIFIER = "net.ro-z.remotestashTests";
				PRODUCT_NAME = "$(TARGET_NAME)";
				SWIFT_VERSION = 5.0;
				TARGETED_DEVICE_FAMILY = "1,2";
				TEST_HOST = "$(BUILT_PRODUCTS_DIR)/remotestash.app/remotestash";
			};
			name = Release;
		};
		42E53D2825C8088D003AF0D1 /* Debug */ = {
			isa = XCBuildConfiguration;
			buildSettings = {
				ALWAYS_EMBED_SWIFT_STANDARD_LIBRARIES = YES;
				CODE_SIGN_STYLE = Automatic;
				DEVELOPMENT_TEAM = M7QSSF3624;
				INFOPLIST_FILE = remotestashUITests/Info.plist;
				LD_RUNPATH_SEARCH_PATHS = (
					"$(inherited)",
					"@executable_path/Frameworks",
					"@loader_path/Frameworks",
				);
				PRODUCT_BUNDLE_IDENTIFIER = "net.ro-z.remotestashUITests";
				PRODUCT_NAME = "$(TARGET_NAME)";
				SWIFT_VERSION = 5.0;
				TARGETED_DEVICE_FAMILY = "1,2";
				TEST_TARGET_NAME = remotestash;
			};
			name = Debug;
		};
		42E53D2925C8088D003AF0D1 /* Release */ = {
			isa = XCBuildConfiguration;
			buildSettings = {
				ALWAYS_EMBED_SWIFT_STANDARD_LIBRARIES = YES;
				CODE_SIGN_STYLE = Automatic;
				DEVELOPMENT_TEAM = M7QSSF3624;
				INFOPLIST_FILE = remotestashUITests/Info.plist;
				LD_RUNPATH_SEARCH_PATHS = (
					"$(inherited)",
					"@executable_path/Frameworks",
					"@loader_path/Frameworks",
				);
				PRODUCT_BUNDLE_IDENTIFIER = "net.ro-z.remotestashUITests";
				PRODUCT_NAME = "$(TARGET_NAME)";
				SWIFT_VERSION = 5.0;
				TARGETED_DEVICE_FAMILY = "1,2";
				TEST_TARGET_NAME = remotestash;
			};
			name = Release;
		};
		42E53D4425C80920003AF0D1 /* Debug */ = {
			isa = XCBuildConfiguration;
			baseConfigurationReference = D9E02F13FC119D4B16320415 /* Pods-share.debug.xcconfig */;
			buildSettings = {
				CODE_SIGN_ENTITLEMENTS = share/share.entitlements;
				CODE_SIGN_STYLE = Automatic;
				DEVELOPMENT_TEAM = M7QSSF3624;
				INFOPLIST_FILE = share/Info.plist;
				LD_RUNPATH_SEARCH_PATHS = (
					"$(inherited)",
					"@executable_path/Frameworks",
					"@executable_path/../../Frameworks",
				);
				PRODUCT_BUNDLE_IDENTIFIER = "net.ro-z.remotestash.share";
				PRODUCT_NAME = "$(TARGET_NAME)";
				SKIP_INSTALL = YES;
				SUPPORTS_MACCATALYST = NO;
				SWIFT_VERSION = 5.0;
				TARGETED_DEVICE_FAMILY = "1,2";
			};
			name = Debug;
		};
		42E53D4525C80920003AF0D1 /* Release */ = {
			isa = XCBuildConfiguration;
			baseConfigurationReference = 7E9ADD8C9DEFA8ADF9030874 /* Pods-share.release.xcconfig */;
			buildSettings = {
				CODE_SIGN_ENTITLEMENTS = share/share.entitlements;
				CODE_SIGN_STYLE = Automatic;
				DEVELOPMENT_TEAM = M7QSSF3624;
				INFOPLIST_FILE = share/Info.plist;
				LD_RUNPATH_SEARCH_PATHS = (
					"$(inherited)",
					"@executable_path/Frameworks",
					"@executable_path/../../Frameworks",
				);
				PRODUCT_BUNDLE_IDENTIFIER = "net.ro-z.remotestash.share";
				PRODUCT_NAME = "$(TARGET_NAME)";
				SKIP_INSTALL = YES;
				SUPPORTS_MACCATALYST = NO;
				SWIFT_VERSION = 5.0;
				TARGETED_DEVICE_FAMILY = "1,2";
			};
			name = Release;
		};
/* End XCBuildConfiguration section */

/* Begin XCConfigurationList section */
		42E53CF225C8088C003AF0D1 /* Build configuration list for PBXProject "remotestash" */ = {
			isa = XCConfigurationList;
			buildConfigurations = (
				42E53D1F25C8088D003AF0D1 /* Debug */,
				42E53D2025C8088D003AF0D1 /* Release */,
			);
			defaultConfigurationIsVisible = 0;
			defaultConfigurationName = Release;
		};
		42E53D2125C8088D003AF0D1 /* Build configuration list for PBXNativeTarget "RemoteStash" */ = {
			isa = XCConfigurationList;
			buildConfigurations = (
				42E53D2225C8088D003AF0D1 /* Debug */,
				42E53D2325C8088D003AF0D1 /* Release */,
			);
			defaultConfigurationIsVisible = 0;
			defaultConfigurationName = Release;
		};
		42E53D2425C8088D003AF0D1 /* Build configuration list for PBXNativeTarget "remotestashTests" */ = {
			isa = XCConfigurationList;
			buildConfigurations = (
				42E53D2525C8088D003AF0D1 /* Debug */,
				42E53D2625C8088D003AF0D1 /* Release */,
			);
			defaultConfigurationIsVisible = 0;
			defaultConfigurationName = Release;
		};
		42E53D2725C8088D003AF0D1 /* Build configuration list for PBXNativeTarget "remotestashUITests" */ = {
			isa = XCConfigurationList;
			buildConfigurations = (
				42E53D2825C8088D003AF0D1 /* Debug */,
				42E53D2925C8088D003AF0D1 /* Release */,
			);
			defaultConfigurationIsVisible = 0;
			defaultConfigurationName = Release;
		};
		42E53D4625C80920003AF0D1 /* Build configuration list for PBXNativeTarget "share" */ = {
			isa = XCConfigurationList;
			buildConfigurations = (
				42E53D4425C80920003AF0D1 /* Debug */,
				42E53D4525C80920003AF0D1 /* Release */,
			);
			defaultConfigurationIsVisible = 0;
			defaultConfigurationName = Release;
		};
/* End XCConfigurationList section */
	};
	rootObject = 42E53CEF25C8088C003AF0D1 /* Project object */;
}
